
Microsoft Visual Studio Solution File, Format Version 12.00
# Visual Studio 15
VisualStudioVersion = 15.0.28307.539
MinimumVisualStudioVersion = 10.0.40219.1
Project("{FAE04EC0-301F-11D3-BF4B-00C04F79EFBC}") = "MoneyManagement.Domain", "MoneyManagement.Domain\MoneyManagement.Domain.csproj", "{12E2A697-248A-4988-80E6-183252E488CB}"
EndProject
Project("{FAE04EC0-301F-11D3-BF4B-00C04F79EFBC}") = "MoneyManagement.Comom", "MoneyManagement.Comom\MoneyManagement.Comom.csproj", "{2363A39C-B7C3-4526-A27F-D5B429E6482C}"
EndProject
Global
	GlobalSection(SolutionConfigurationPlatforms) = preSolution
		Debug|Any CPU = Debug|Any CPU
		Release|Any CPU = Release|Any CPU
	EndGlobalSection
	GlobalSection(ProjectConfigurationPlatforms) = postSolution
		{12E2A697-248A-4988-80E6-183252E488CB}.Debug|Any CPU.ActiveCfg = Debug|Any CPU
		{12E2A697-248A-4988-80E6-183252E488CB}.Debug|Any CPU.Build.0 = Debug|Any CPU
		{12E2A697-248A-4988-80E6-183252E488CB}.Release|Any CPU.ActiveCfg = Release|Any CPU
		{12E2A697-248A-4988-80E6-183252E488CB}.Release|Any CPU.Build.0 = Release|Any CPU
		{2363A39C-B7C3-4526-A27F-D5B429E6482C}.Debug|Any CPU.ActiveCfg = Debug|Any CPU
		{2363A39C-B7C3-4526-A27F-D5B429E6482C}.Debug|Any CPU.Build.0 = Debug|Any CPU
		{2363A39C-B7C3-4526-A27F-D5B429E6482C}.Release|Any CPU.ActiveCfg = Release|Any CPU
		{2363A39C-B7C3-4526-A27F-D5B429E6482C}.Release|Any CPU.Build.0 = Release|Any CPU
	EndGlobalSection
	GlobalSection(SolutionProperties) = preSolution
		HideSolutionNode = FALSE
	EndGlobalSection
	GlobalSection(ExtensibilityGlobals) = postSolution
		SolutionGuid = {67F1AA71-8B5B-41D6-8306-8E9C57E896C5}
	EndGlobalSection
EndGlobal
